
Microsoft Visual Studio Solution File, Format Version 12.00
# Visual Studio Version 17
VisualStudioVersion = 17.8.34601.278
MinimumVisualStudioVersion = 10.0.40219.1
Project("{FAE04EC0-301F-11D3-BF4B-00C04F79EFBC}") = "asignment2", "asignment2\asignment2.csproj", "{E263EDCA-78E5-47F5-BFEA-A57CE15EE20E}"
EndProject
Global
	GlobalSection(SolutionConfigurationPlatforms) = preSolution
		Debug|Any CPU = Debug|Any CPU
		Release|Any CPU = Release|Any CPU
	EndGlobalSection
	GlobalSection(ProjectConfigurationPlatforms) = postSolution
		{E263EDCA-78E5-47F5-BFEA-A57CE15EE20E}.Debug|Any CPU.ActiveCfg = Debug|Any CPU
		{E263EDCA-78E5-47F5-BFEA-A57CE15EE20E}.Debug|Any CPU.Build.0 = Debug|Any CPU
		{E263EDCA-78E5-47F5-BFEA-A57CE15EE20E}.Release|Any CPU.ActiveCfg = Release|Any CPU
		{E263EDCA-78E5-47F5-BFEA-A57CE15EE20E}.Release|Any CPU.Build.0 = Release|Any CPU
	EndGlobalSection
	GlobalSection(SolutionProperties) = preSolution
		HideSolutionNode = FALSE
	EndGlobalSection
	GlobalSection(ExtensibilityGlobals) = postSolution
		SolutionGuid = {3DFC1A5C-1FEF-46A8-B82F-480CF1C15FDD}
	EndGlobalSection
EndGlobal
